
Microsoft Visual Studio Solution File, Format Version 12.00
# Visual Studio 15
VisualStudioVersion = 15.0.26124.0
MinimumVisualStudioVersion = 15.0.26124.0
Project("{2150E333-8FDC-42A3-9474-1A3956D46DE8}") = "src", "src", "{B523673B-BA59-44C3-8D02-80E4549DD51C}"
EndProject
Project("{FAE04EC0-301F-11D3-BF4B-00C04F79EFBC}") = "WebApi", "src\WebApi\WebApi.csproj", "{935B60D4-EDE5-466A-A840-C60100F9A789}"
EndProject
Project("{FAE04EC0-301F-11D3-BF4B-00C04F79EFBC}") = "BlazorApp", "src\BlazorApp\BlazorApp.csproj", "{CD8F63EB-5B7D-4DF9-B2B9-83BB8D311A94}"
EndProject
Global
	GlobalSection(SolutionConfigurationPlatforms) = preSolution
		Debug|Any CPU = Debug|Any CPU
		Debug|x64 = Debug|x64
		Debug|x86 = Debug|x86
		Release|Any CPU = Release|Any CPU
		Release|x64 = Release|x64
		Release|x86 = Release|x86
	EndGlobalSection
	GlobalSection(SolutionProperties) = preSolution
		HideSolutionNode = FALSE
	EndGlobalSection
	GlobalSection(ProjectConfigurationPlatforms) = postSolution
		{935B60D4-EDE5-466A-A840-C60100F9A789}.Debug|Any CPU.ActiveCfg = Debug|Any CPU
		{935B60D4-EDE5-466A-A840-C60100F9A789}.Debug|Any CPU.Build.0 = Debug|Any CPU
		{935B60D4-EDE5-466A-A840-C60100F9A789}.Debug|x64.ActiveCfg = Debug|Any CPU
		{935B60D4-EDE5-466A-A840-C60100F9A789}.Debug|x64.Build.0 = Debug|Any CPU
		{935B60D4-EDE5-466A-A840-C60100F9A789}.Debug|x86.ActiveCfg = Debug|Any CPU
		{935B60D4-EDE5-466A-A840-C60100F9A789}.Debug|x86.Build.0 = Debug|Any CPU
		{935B60D4-EDE5-466A-A840-C60100F9A789}.Release|Any CPU.ActiveCfg = Release|Any CPU
		{935B60D4-EDE5-466A-A840-C60100F9A789}.Release|Any CPU.Build.0 = Release|Any CPU
		{935B60D4-EDE5-466A-A840-C60100F9A789}.Release|x64.ActiveCfg = Release|Any CPU
		{935B60D4-EDE5-466A-A840-C60100F9A789}.Release|x64.Build.0 = Release|Any CPU
		{935B60D4-EDE5-466A-A840-C60100F9A789}.Release|x86.ActiveCfg = Release|Any CPU
		{935B60D4-EDE5-466A-A840-C60100F9A789}.Release|x86.Build.0 = Release|Any CPU
		{CD8F63EB-5B7D-4DF9-B2B9-83BB8D311A94}.Debug|Any CPU.ActiveCfg = Debug|Any CPU
		{CD8F63EB-5B7D-4DF9-B2B9-83BB8D311A94}.Debug|Any CPU.Build.0 = Debug|Any CPU
		{CD8F63EB-5B7D-4DF9-B2B9-83BB8D311A94}.Debug|x64.ActiveCfg = Debug|Any CPU
		{CD8F63EB-5B7D-4DF9-B2B9-83BB8D311A94}.Debug|x64.Build.0 = Debug|Any CPU
		{CD8F63EB-5B7D-4DF9-B2B9-83BB8D311A94}.Debug|x86.ActiveCfg = Debug|Any CPU
		{CD8F63EB-5B7D-4DF9-B2B9-83BB8D311A94}.Debug|x86.Build.0 = Debug|Any CPU
		{CD8F63EB-5B7D-4DF9-B2B9-83BB8D311A94}.Release|Any CPU.ActiveCfg = Release|Any CPU
		{CD8F63EB-5B7D-4DF9-B2B9-83BB8D311A94}.Release|Any CPU.Build.0 = Release|Any CPU
		{CD8F63EB-5B7D-4DF9-B2B9-83BB8D311A94}.Release|x64.ActiveCfg = Release|Any CPU
		{CD8F63EB-5B7D-4DF9-B2B9-83BB8D311A94}.Release|x64.Build.0 = Release|Any CPU
		{CD8F63EB-5B7D-4DF9-B2B9-83BB8D311A94}.Release|x86.ActiveCfg = Release|Any CPU
		{CD8F63EB-5B7D-4DF9-B2B9-83BB8D311A94}.Release|x86.Build.0 = Release|Any CPU
	EndGlobalSection
	GlobalSection(NestedProjects) = preSolution
		{935B60D4-EDE5-466A-A840-C60100F9A789} = {B523673B-BA59-44C3-8D02-80E4549DD51C}
		{CD8F63EB-5B7D-4DF9-B2B9-83BB8D311A94} = {B523673B-BA59-44C3-8D02-80E4549DD51C}
	EndGlobalSection
EndGlobal
